
Microsoft Visual Studio Solution File, Format Version 12.00
# Visual Studio Version 17
VisualStudioVersion = 17.9.34902.65
MinimumVisualStudioVersion = 10.0.40219.1
Project("{FAE04EC0-301F-11D3-BF4B-00C04F79EFBC}") = "ConfigurationsInConsoleApp", "ConfigurationsInConsoleApp\ConfigurationsInConsoleApp.csproj", "{EBF7CEBD-7BF4-454A-9FCB-2E8838B8E3E3}"
EndProject
Global
	GlobalSection(SolutionConfigurationPlatforms) = preSolution
		Debug|Any CPU = Debug|Any CPU
		Release|Any CPU = Release|Any CPU
	EndGlobalSection
	GlobalSection(ProjectConfigurationPlatforms) = postSolution
		{EBF7CEBD-7BF4-454A-9FCB-2E8838B8E3E3}.Debug|Any CPU.ActiveCfg = Debug|Any CPU
		{EBF7CEBD-7BF4-454A-9FCB-2E8838B8E3E3}.Debug|Any CPU.Build.0 = Debug|Any CPU
		{EBF7CEBD-7BF4-454A-9FCB-2E8838B8E3E3}.Release|Any CPU.ActiveCfg = Release|Any CPU
		{EBF7CEBD-7BF4-454A-9FCB-2E8838B8E3E3}.Release|Any CPU.Build.0 = Release|Any CPU
	EndGlobalSection
	GlobalSection(SolutionProperties) = preSolution
		HideSolutionNode = FALSE
	EndGlobalSection
	GlobalSection(ExtensibilityGlobals) = postSolution
		SolutionGuid = {696ECB56-BAC7-4526-8F71-1ABC3327464E}
	EndGlobalSection
EndGlobal
